
Microsoft Visual Studio Solution File, Format Version 12.00
# Visual Studio 15
VisualStudioVersion = 15.0.28307.757
MinimumVisualStudioVersion = 10.0.40219.1
Project("{FAE04EC0-301F-11D3-BF4B-00C04F79EFBC}") = "KarakterLib", "MarkLib\KarakterLib.csproj", "{6CC879DA-FBDF-4A58-BB46-62995CAE9F1C}"
EndProject
Project("{FAE04EC0-301F-11D3-BF4B-00C04F79EFBC}") = "TCPserver", "TCPserver\TCPserver.csproj", "{41A89A33-A5B9-4239-9247-4559E568C900}"
EndProject
Project("{FAE04EC0-301F-11D3-BF4B-00C04F79EFBC}") = "TCPclient", "TCPclient\TCPclient.csproj", "{0FB5D72D-1199-4D9E-B9A1-29E45C4B7A07}"
EndProject
Global
	GlobalSection(SolutionConfigurationPlatforms) = preSolution
		Debug|Any CPU = Debug|Any CPU
		Release|Any CPU = Release|Any CPU
	EndGlobalSection
	GlobalSection(ProjectConfigurationPlatforms) = postSolution
		{6CC879DA-FBDF-4A58-BB46-62995CAE9F1C}.Debug|Any CPU.ActiveCfg = Debug|Any CPU
		{6CC879DA-FBDF-4A58-BB46-62995CAE9F1C}.Debug|Any CPU.Build.0 = Debug|Any CPU
		{6CC879DA-FBDF-4A58-BB46-62995CAE9F1C}.Release|Any CPU.ActiveCfg = Release|Any CPU
		{6CC879DA-FBDF-4A58-BB46-62995CAE9F1C}.Release|Any CPU.Build.0 = Release|Any CPU
		{41A89A33-A5B9-4239-9247-4559E568C900}.Debug|Any CPU.ActiveCfg = Debug|Any CPU
		{41A89A33-A5B9-4239-9247-4559E568C900}.Debug|Any CPU.Build.0 = Debug|Any CPU
		{41A89A33-A5B9-4239-9247-4559E568C900}.Release|Any CPU.ActiveCfg = Release|Any CPU
		{41A89A33-A5B9-4239-9247-4559E568C900}.Release|Any CPU.Build.0 = Release|Any CPU
		{0FB5D72D-1199-4D9E-B9A1-29E45C4B7A07}.Debug|Any CPU.ActiveCfg = Debug|Any CPU
		{0FB5D72D-1199-4D9E-B9A1-29E45C4B7A07}.Debug|Any CPU.Build.0 = Debug|Any CPU
		{0FB5D72D-1199-4D9E-B9A1-29E45C4B7A07}.Release|Any CPU.ActiveCfg = Release|Any CPU
		{0FB5D72D-1199-4D9E-B9A1-29E45C4B7A07}.Release|Any CPU.Build.0 = Release|Any CPU
	EndGlobalSection
	GlobalSection(SolutionProperties) = preSolution
		HideSolutionNode = FALSE
	EndGlobalSection
	GlobalSection(ExtensibilityGlobals) = postSolution
		SolutionGuid = {E3FE0D16-4A73-4C1A-BEED-941F307CAAD9}
	EndGlobalSection
EndGlobal
